// !$*UTF8*$!
{
	archiveVersion = 1;
	classes = {
	};
	objectVersion = 50;
	objects = {

/* Begin PBXBuildFile section */
		945625B222C9E0A300CB5CAF /* Group+CoreDataClass.swift in Sources */ = {isa = PBXBuildFile; fileRef = 945625AC22C9E0A300CB5CAF /* Group+CoreDataClass.swift */; };
		945625B322C9E0A300CB5CAF /* Group+CoreDataProperties.swift in Sources */ = {isa = PBXBuildFile; fileRef = 945625AD22C9E0A300CB5CAF /* Group+CoreDataProperties.swift */; };
		945625B422C9E0A300CB5CAF /* Transaction+CoreDataClass.swift in Sources */ = {isa = PBXBuildFile; fileRef = 945625AE22C9E0A300CB5CAF /* Transaction+CoreDataClass.swift */; };
		945625B522C9E0A300CB5CAF /* Transaction+CoreDataProperties.swift in Sources */ = {isa = PBXBuildFile; fileRef = 945625AF22C9E0A300CB5CAF /* Transaction+CoreDataProperties.swift */; };
		945625B622C9E0A300CB5CAF /* Member+CoreDataClass.swift in Sources */ = {isa = PBXBuildFile; fileRef = 945625B022C9E0A300CB5CAF /* Member+CoreDataClass.swift */; };
		945625B722C9E0A300CB5CAF /* Member+CoreDataProperties.swift in Sources */ = {isa = PBXBuildFile; fileRef = 945625B122C9E0A300CB5CAF /* Member+CoreDataProperties.swift */; };
		945625C022CA0FDF00CB5CAF /* TransactionCell.swift in Sources */ = {isa = PBXBuildFile; fileRef = 945625BE22CA0FDF00CB5CAF /* TransactionCell.swift */; };
		945625C122CA0FDF00CB5CAF /* TransactionCell.xib in Resources */ = {isa = PBXBuildFile; fileRef = 945625BF22CA0FDF00CB5CAF /* TransactionCell.xib */; };
		94FE952C22C1016A009B3CF4 /* AppDelegate.swift in Sources */ = {isa = PBXBuildFile; fileRef = 94FE952B22C1016A009B3CF4 /* AppDelegate.swift */; };
		94FE952E22C1016A009B3CF4 /* ViewController.swift in Sources */ = {isa = PBXBuildFile; fileRef = 94FE952D22C1016A009B3CF4 /* ViewController.swift */; };
		94FE953122C1016A009B3CF4 /* Main.storyboard in Resources */ = {isa = PBXBuildFile; fileRef = 94FE952F22C1016A009B3CF4 /* Main.storyboard */; };
		94FE953422C1016A009B3CF4 /* MoneyTracker.xcdatamodeld in Sources */ = {isa = PBXBuildFile; fileRef = 94FE953222C1016A009B3CF4 /* MoneyTracker.xcdatamodeld */; };
		94FE953622C10172009B3CF4 /* Assets.xcassets in Resources */ = {isa = PBXBuildFile; fileRef = 94FE953522C10172009B3CF4 /* Assets.xcassets */; };
		94FE953922C10172009B3CF4 /* LaunchScreen.storyboard in Resources */ = {isa = PBXBuildFile; fileRef = 94FE953722C10172009B3CF4 /* LaunchScreen.storyboard */; };
		94FE954422C10172009B3CF4 /* MoneyTrackerTests.swift in Sources */ = {isa = PBXBuildFile; fileRef = 94FE954322C10172009B3CF4 /* MoneyTrackerTests.swift */; };
		94FE954F22C10172009B3CF4 /* MoneyTrackerUITests.swift in Sources */ = {isa = PBXBuildFile; fileRef = 94FE954E22C10172009B3CF4 /* MoneyTrackerUITests.swift */; };
		94FE956D22C11AA8009B3CF4 /* MyEnums.swift in Sources */ = {isa = PBXBuildFile; fileRef = 94FE956C22C11AA8009B3CF4 /* MyEnums.swift */; };
		94FE960822C23BFA009B3CF4 /* AddNewGroupViewController.swift in Sources */ = {isa = PBXBuildFile; fileRef = 94FE960722C23BFA009B3CF4 /* AddNewGroupViewController.swift */; };
		94FE960C22C24009009B3CF4 /* GroupViewController.swift in Sources */ = {isa = PBXBuildFile; fileRef = 94FE960B22C24009009B3CF4 /* GroupViewController.swift */; };
		94FE960E22C2580D009B3CF4 /* AddNewTransationViewController.swift in Sources */ = {isa = PBXBuildFile; fileRef = 94FE960D22C2580D009B3CF4 /* AddNewTransationViewController.swift */; };
		94FE961022C3C3E2009B3CF4 /* AddNewMemberViewController.swift in Sources */ = {isa = PBXBuildFile; fileRef = 94FE960F22C3C3E2009B3CF4 /* AddNewMemberViewController.swift */; };
		94FE961222C49234009B3CF4 /* GroupMemberViewController.swift in Sources */ = {isa = PBXBuildFile; fileRef = 94FE961122C49234009B3CF4 /* GroupMemberViewController.swift */; };
		94FE962022C4E139009B3CF4 /* AllExceptMemberViewController.swift in Sources */ = {isa = PBXBuildFile; fileRef = 94FE961F22C4E139009B3CF4 /* AllExceptMemberViewController.swift */; };
		94FE962422C52874009B3CF4 /* AllMemberViewController.swift in Sources */ = {isa = PBXBuildFile; fileRef = 94FE962322C52874009B3CF4 /* AllMemberViewController.swift */; };
		94FE962622C635C3009B3CF4 /* SelectedMemberDetailViewController.swift in Sources */ = {isa = PBXBuildFile; fileRef = 94FE962522C635C3009B3CF4 /* SelectedMemberDetailViewController.swift */; };
		94FE962822C646EB009B3CF4 /* MemberTransactionDetailInGroupViewController.swift in Sources */ = {isa = PBXBuildFile; fileRef = 94FE962722C646EB009B3CF4 /* MemberTransactionDetailInGroupViewController.swift */; };
		94FE962A22C65099009B3CF4 /* NewTransactionInViewController.swift in Sources */ = {isa = PBXBuildFile; fileRef = 94FE962922C65099009B3CF4 /* NewTransactionInViewController.swift */; };
/* End PBXBuildFile section */

/* Begin PBXContainerItemProxy section */
		94FE954022C10172009B3CF4 /* PBXContainerItemProxy */ = {
			isa = PBXContainerItemProxy;
			containerPortal = 94FE952022C1016A009B3CF4 /* Project object */;
			proxyType = 1;
			remoteGlobalIDString = 94FE952722C1016A009B3CF4;
			remoteInfo = MoneyTracker;
		};
		94FE954B22C10172009B3CF4 /* PBXContainerItemProxy */ = {
			isa = PBXContainerItemProxy;
			containerPortal = 94FE952022C1016A009B3CF4 /* Project object */;
			proxyType = 1;
			remoteGlobalIDString = 94FE952722C1016A009B3CF4;
			remoteInfo = MoneyTracker;
		};
/* End PBXContainerItemProxy section */

/* Begin PBXFileReference section */
		945625AC22C9E0A300CB5CAF /* Group+CoreDataClass.swift */ = {isa = PBXFileReference; lastKnownFileType = sourcecode.swift; path = "Group+CoreDataClass.swift"; sourceTree = "<group>"; };
		945625AD22C9E0A300CB5CAF /* Group+CoreDataProperties.swift */ = {isa = PBXFileReference; lastKnownFileType = sourcecode.swift; path = "Group+CoreDataProperties.swift"; sourceTree = "<group>"; };
		945625AE22C9E0A300CB5CAF /* Transaction+CoreDataClass.swift */ = {isa = PBXFileReference; lastKnownFileType = sourcecode.swift; path = "Transaction+CoreDataClass.swift"; sourceTree = "<group>"; };
		945625AF22C9E0A300CB5CAF /* Transaction+CoreDataProperties.swift */ = {isa = PBXFileReference; lastKnownFileType = sourcecode.swift; path = "Transaction+CoreDataProperties.swift"; sourceTree = "<group>"; };
		945625B022C9E0A300CB5CAF /* Member+CoreDataClass.swift */ = {isa = PBXFileReference; lastKnownFileType = sourcecode.swift; path = "Member+CoreDataClass.swift"; sourceTree = "<group>"; };
		945625B122C9E0A300CB5CAF /* Member+CoreDataProperties.swift */ = {isa = PBXFileReference; lastKnownFileType = sourcecode.swift; path = "Member+CoreDataProperties.swift"; sourceTree = "<group>"; };
		945625BE22CA0FDF00CB5CAF /* TransactionCell.swift */ = {isa = PBXFileReference; lastKnownFileType = sourcecode.swift; path = TransactionCell.swift; sourceTree = "<group>"; };
		945625BF22CA0FDF00CB5CAF /* TransactionCell.xib */ = {isa = PBXFileReference; lastKnownFileType = file.xib; path = TransactionCell.xib; sourceTree = "<group>"; };
		94FE952822C1016A009B3CF4 /* MoneyTracker.app */ = {isa = PBXFileReference; explicitFileType = wrapper.application; includeInIndex = 0; path = MoneyTracker.app; sourceTree = BUILT_PRODUCTS_DIR; };
		94FE952B22C1016A009B3CF4 /* AppDelegate.swift */ = {isa = PBXFileReference; lastKnownFileType = sourcecode.swift; path = AppDelegate.swift; sourceTree = "<group>"; };
		94FE952D22C1016A009B3CF4 /* ViewController.swift */ = {isa = PBXFileReference; lastKnownFileType = sourcecode.swift; path = ViewController.swift; sourceTree = "<group>"; };
		94FE953022C1016A009B3CF4 /* Base */ = {isa = PBXFileReference; lastKnownFileType = file.storyboard; name = Base; path = Base.lproj/Main.storyboard; sourceTree = "<group>"; };
		94FE953322C1016A009B3CF4 /* MoneyTracker.xcdatamodel */ = {isa = PBXFileReference; lastKnownFileType = wrapper.xcdatamodel; path = MoneyTracker.xcdatamodel; sourceTree = "<group>"; };
		94FE953522C10172009B3CF4 /* Assets.xcassets */ = {isa = PBXFileReference; lastKnownFileType = folder.assetcatalog; path = Assets.xcassets; sourceTree = "<group>"; };
		94FE953822C10172009B3CF4 /* Base */ = {isa = PBXFileReference; lastKnownFileType = file.storyboard; name = Base; path = Base.lproj/LaunchScreen.storyboard; sourceTree = "<group>"; };
		94FE953A22C10172009B3CF4 /* Info.plist */ = {isa = PBXFileReference; lastKnownFileType = text.plist.xml; path = Info.plist; sourceTree = "<group>"; };
		94FE953F22C10172009B3CF4 /* MoneyTrackerTests.xctest */ = {isa = PBXFileReference; explicitFileType = wrapper.cfbundle; includeInIndex = 0; path = MoneyTrackerTests.xctest; sourceTree = BUILT_PRODUCTS_DIR; };
		94FE954322C10172009B3CF4 /* MoneyTrackerTests.swift */ = {isa = PBXFileReference; lastKnownFileType = sourcecode.swift; path = MoneyTrackerTests.swift; sourceTree = "<group>"; };
		94FE954522C10172009B3CF4 /* Info.plist */ = {isa = PBXFileReference; lastKnownFileType = text.plist.xml; path = Info.plist; sourceTree = "<group>"; };
		94FE954A22C10172009B3CF4 /* MoneyTrackerUITests.xctest */ = {isa = PBXFileReference; explicitFileType = wrapper.cfbundle; includeInIndex = 0; path = MoneyTrackerUITests.xctest; sourceTree = BUILT_PRODUCTS_DIR; };
		94FE954E22C10172009B3CF4 /* MoneyTrackerUITests.swift */ = {isa = PBXFileReference; lastKnownFileType = sourcecode.swift; path = MoneyTrackerUITests.swift; sourceTree = "<group>"; };
		94FE955022C10172009B3CF4 /* Info.plist */ = {isa = PBXFileReference; lastKnownFileType = text.plist.xml; path = Info.plist; sourceTree = "<group>"; };
		94FE956C22C11AA8009B3CF4 /* MyEnums.swift */ = {isa = PBXFileReference; lastKnownFileType = sourcecode.swift; path = MyEnums.swift; sourceTree = "<group>"; };
		94FE960722C23BFA009B3CF4 /* AddNewGroupViewController.swift */ = {isa = PBXFileReference; lastKnownFileType = sourcecode.swift; path = AddNewGroupViewController.swift; sourceTree = "<group>"; };
		94FE960B22C24009009B3CF4 /* GroupViewController.swift */ = {isa = PBXFileReference; lastKnownFileType = sourcecode.swift; path = GroupViewController.swift; sourceTree = "<group>"; };
		94FE960D22C2580D009B3CF4 /* AddNewTransationViewController.swift */ = {isa = PBXFileReference; lastKnownFileType = sourcecode.swift; path = AddNewTransationViewController.swift; sourceTree = "<group>"; };
		94FE960F22C3C3E2009B3CF4 /* AddNewMemberViewController.swift */ = {isa = PBXFileReference; lastKnownFileType = sourcecode.swift; path = AddNewMemberViewController.swift; sourceTree = "<group>"; };
		94FE961122C49234009B3CF4 /* GroupMemberViewController.swift */ = {isa = PBXFileReference; lastKnownFileType = sourcecode.swift; path = GroupMemberViewController.swift; sourceTree = "<group>"; };
		94FE961F22C4E139009B3CF4 /* AllExceptMemberViewController.swift */ = {isa = PBXFileReference; lastKnownFileType = sourcecode.swift; path = AllExceptMemberViewController.swift; sourceTree = "<group>"; };
		94FE962322C52874009B3CF4 /* AllMemberViewController.swift */ = {isa = PBXFileReference; lastKnownFileType = sourcecode.swift; path = AllMemberViewController.swift; sourceTree = "<group>"; };
		94FE962522C635C3009B3CF4 /* SelectedMemberDetailViewController.swift */ = {isa = PBXFileReference; lastKnownFileType = sourcecode.swift; path = SelectedMemberDetailViewController.swift; sourceTree = "<group>"; };
		94FE962722C646EB009B3CF4 /* MemberTransactionDetailInGroupViewController.swift */ = {isa = PBXFileReference; lastKnownFileType = sourcecode.swift; path = MemberTransactionDetailInGroupViewController.swift; sourceTree = "<group>"; };
		94FE962922C65099009B3CF4 /* NewTransactionInViewController.swift */ = {isa = PBXFileReference; lastKnownFileType = sourcecode.swift; path = NewTransactionInViewController.swift; sourceTree = "<group>"; };
/* End PBXFileReference section */

/* Begin PBXFrameworksBuildPhase section */
		94FE952522C1016A009B3CF4 /* Frameworks */ = {
			isa = PBXFrameworksBuildPhase;
			buildActionMask = 2147483647;
			files = (
			);
			runOnlyForDeploymentPostprocessing = 0;
		};
		94FE953C22C10172009B3CF4 /* Frameworks */ = {
			isa = PBXFrameworksBuildPhase;
			buildActionMask = 2147483647;
			files = (
			);
			runOnlyForDeploymentPostprocessing = 0;
		};
		94FE954722C10172009B3CF4 /* Frameworks */ = {
			isa = PBXFrameworksBuildPhase;
			buildActionMask = 2147483647;
			files = (
			);
			runOnlyForDeploymentPostprocessing = 0;
		};
/* End PBXFrameworksBuildPhase section */

/* Begin PBXGroup section */
		94FE951F22C1016A009B3CF4 = {
			isa = PBXGroup;
			children = (
				94FE952A22C1016A009B3CF4 /* MoneyTracker */,
				94FE954222C10172009B3CF4 /* MoneyTrackerTests */,
				94FE954D22C10172009B3CF4 /* MoneyTrackerUITests */,
				94FE952922C1016A009B3CF4 /* Products */,
			);
			sourceTree = "<group>";
		};
		94FE952922C1016A009B3CF4 /* Products */ = {
			isa = PBXGroup;
			children = (
				94FE952822C1016A009B3CF4 /* MoneyTracker.app */,
				94FE953F22C10172009B3CF4 /* MoneyTrackerTests.xctest */,
				94FE954A22C10172009B3CF4 /* MoneyTrackerUITests.xctest */,
			);
			name = Products;
			sourceTree = "<group>";
		};
		94FE952A22C1016A009B3CF4 /* MoneyTracker */ = {
			isa = PBXGroup;
			children = (
				945625AC22C9E0A300CB5CAF /* Group+CoreDataClass.swift */,
				945625AD22C9E0A300CB5CAF /* Group+CoreDataProperties.swift */,
				945625AE22C9E0A300CB5CAF /* Transaction+CoreDataClass.swift */,
				945625AF22C9E0A300CB5CAF /* Transaction+CoreDataProperties.swift */,
				945625B022C9E0A300CB5CAF /* Member+CoreDataClass.swift */,
				945625B122C9E0A300CB5CAF /* Member+CoreDataProperties.swift */,
				94FE952B22C1016A009B3CF4 /* AppDelegate.swift */,
				945625BE22CA0FDF00CB5CAF /* TransactionCell.swift */,
				945625BF22CA0FDF00CB5CAF /* TransactionCell.xib */,
				94FE952D22C1016A009B3CF4 /* ViewController.swift */,
				94FE960722C23BFA009B3CF4 /* AddNewGroupViewController.swift */,
				94FE960B22C24009009B3CF4 /* GroupViewController.swift */,
				94FE960D22C2580D009B3CF4 /* AddNewTransationViewController.swift */,
				94FE952F22C1016A009B3CF4 /* Main.storyboard */,
				94FE962322C52874009B3CF4 /* AllMemberViewController.swift */,
				94FE962522C635C3009B3CF4 /* SelectedMemberDetailViewController.swift */,
				94FE962722C646EB009B3CF4 /* MemberTransactionDetailInGroupViewController.swift */,
				94FE962922C65099009B3CF4 /* NewTransactionInViewController.swift */,
				94FE961122C49234009B3CF4 /* GroupMemberViewController.swift */,
				94FE961F22C4E139009B3CF4 /* AllExceptMemberViewController.swift */,
				94FE960F22C3C3E2009B3CF4 /* AddNewMemberViewController.swift */,
				94FE956C22C11AA8009B3CF4 /* MyEnums.swift */,
				94FE953522C10172009B3CF4 /* Assets.xcassets */,
				94FE953722C10172009B3CF4 /* LaunchScreen.storyboard */,
				94FE953A22C10172009B3CF4 /* Info.plist */,
				94FE953222C1016A009B3CF4 /* MoneyTracker.xcdatamodeld */,
			);
			path = MoneyTracker;
			sourceTree = "<group>";
		};
		94FE954222C10172009B3CF4 /* MoneyTrackerTests */ = {
			isa = PBXGroup;
			children = (
				94FE954322C10172009B3CF4 /* MoneyTrackerTests.swift */,
				94FE954522C10172009B3CF4 /* Info.plist */,
			);
			path = MoneyTrackerTests;
			sourceTree = "<group>";
		};
		94FE954D22C10172009B3CF4 /* MoneyTrackerUITests */ = {
			isa = PBXGroup;
			children = (
				94FE954E22C10172009B3CF4 /* MoneyTrackerUITests.swift */,
				94FE955022C10172009B3CF4 /* Info.plist */,
			);
			path = MoneyTrackerUITests;
			sourceTree = "<group>";
		};
/* End PBXGroup section */

/* Begin PBXNativeTarget section */
		94FE952722C1016A009B3CF4 /* MoneyTracker */ = {
			isa = PBXNativeTarget;
			buildConfigurationList = 94FE955322C10172009B3CF4 /* Build configuration list for PBXNativeTarget "MoneyTracker" */;
			buildPhases = (
				94FE952422C1016A009B3CF4 /* Sources */,
				94FE952522C1016A009B3CF4 /* Frameworks */,
				94FE952622C1016A009B3CF4 /* Resources */,
			);
			buildRules = (
			);
			dependencies = (
			);
			name = MoneyTracker;
			productName = MoneyTracker;
			productReference = 94FE952822C1016A009B3CF4 /* MoneyTracker.app */;
			productType = "com.apple.product-type.application";
		};
		94FE953E22C10172009B3CF4 /* MoneyTrackerTests */ = {
			isa = PBXNativeTarget;
			buildConfigurationList = 94FE955622C10172009B3CF4 /* Build configuration list for PBXNativeTarget "MoneyTrackerTests" */;
			buildPhases = (
				94FE953B22C10172009B3CF4 /* Sources */,
				94FE953C22C10172009B3CF4 /* Frameworks */,
				94FE953D22C10172009B3CF4 /* Resources */,
			);
			buildRules = (
			);
			dependencies = (
				94FE954122C10172009B3CF4 /* PBXTargetDependency */,
			);
			name = MoneyTrackerTests;
			productName = MoneyTrackerTests;
			productReference = 94FE953F22C10172009B3CF4 /* MoneyTrackerTests.xctest */;
			productType = "com.apple.product-type.bundle.unit-test";
		};
		94FE954922C10172009B3CF4 /* MoneyTrackerUITests */ = {
			isa = PBXNativeTarget;
			buildConfigurationList = 94FE955922C10172009B3CF4 /* Build configuration list for PBXNativeTarget "MoneyTrackerUITests" */;
			buildPhases = (
				94FE954622C10172009B3CF4 /* Sources */,
				94FE954722C10172009B3CF4 /* Frameworks */,
				94FE954822C10172009B3CF4 /* Resources */,
			);
			buildRules = (
			);
			dependencies = (
				94FE954C22C10172009B3CF4 /* PBXTargetDependency */,
			);
			name = MoneyTrackerUITests;
			productName = MoneyTrackerUITests;
			productReference = 94FE954A22C10172009B3CF4 /* MoneyTrackerUITests.xctest */;
			productType = "com.apple.product-type.bundle.ui-testing";
		};
/* End PBXNativeTarget section */

/* Begin PBXProject section */
		94FE952022C1016A009B3CF4 /* Project object */ = {
			isa = PBXProject;
			attributes = {
				LastSwiftUpdateCheck = 1020;
				LastUpgradeCheck = 1020;
				ORGANIZATIONNAME = simpleApp;
				TargetAttributes = {
					94FE952722C1016A009B3CF4 = {
						CreatedOnToolsVersion = 10.2.1;
					};
					94FE953E22C10172009B3CF4 = {
						CreatedOnToolsVersion = 10.2.1;
						TestTargetID = 94FE952722C1016A009B3CF4;
					};
					94FE954922C10172009B3CF4 = {
						CreatedOnToolsVersion = 10.2.1;
						TestTargetID = 94FE952722C1016A009B3CF4;
					};
				};
			};
			buildConfigurationList = 94FE952322C1016A009B3CF4 /* Build configuration list for PBXProject "MoneyTracker" */;
			compatibilityVersion = "Xcode 9.3";
			developmentRegion = en;
			hasScannedForEncodings = 0;
			knownRegions = (
				en,
				Base,
			);
			mainGroup = 94FE951F22C1016A009B3CF4;
			productRefGroup = 94FE952922C1016A009B3CF4 /* Products */;
			projectDirPath = "";
			projectRoot = "";
			targets = (
				94FE952722C1016A009B3CF4 /* MoneyTracker */,
				94FE953E22C10172009B3CF4 /* MoneyTrackerTests */,
				94FE954922C10172009B3CF4 /* MoneyTrackerUITests */,
			);
		};
/* End PBXProject section */

/* Begin PBXResourcesBuildPhase section */
		94FE952622C1016A009B3CF4 /* Resources */ = {
			isa = PBXResourcesBuildPhase;
			buildActionMask = 2147483647;
			files = (
				94FE953922C10172009B3CF4 /* LaunchScreen.storyboard in Resources */,
				94FE953622C10172009B3CF4 /* Assets.xcassets in Resources */,
				945625C122CA0FDF00CB5CAF /* TransactionCell.xib in Resources */,
				94FE953122C1016A009B3CF4 /* Main.storyboard in Resources */,
			);
			runOnlyForDeploymentPostprocessing = 0;
		};
		94FE953D22C10172009B3CF4 /* Resources */ = {
			isa = PBXResourcesBuildPhase;
			buildActionMask = 2147483647;
			files = (
			);
			runOnlyForDeploymentPostprocessing = 0;
		};
		94FE954822C10172009B3CF4 /* Resources */ = {
			isa = PBXResourcesBuildPhase;
			buildActionMask = 2147483647;
			files = (
			);
			runOnlyForDeploymentPostprocessing = 0;
		};
/* End PBXResourcesBuildPhase section */

/* Begin PBXSourcesBuildPhase section */
		94FE952422C1016A009B3CF4 /* Sources */ = {
			isa = PBXSourcesBuildPhase;
			buildActionMask = 2147483647;
			files = (
				94FE960C22C24009009B3CF4 /* GroupViewController.swift in Sources */,
				945625B322C9E0A300CB5CAF /* Group+CoreDataProperties.swift in Sources */,
				94FE952E22C1016A009B3CF4 /* ViewController.swift in Sources */,
				94FE953422C1016A009B3CF4 /* MoneyTracker.xcdatamodeld in Sources */,
				94FE962422C52874009B3CF4 /* AllMemberViewController.swift in Sources */,
				945625B622C9E0A300CB5CAF /* Member+CoreDataClass.swift in Sources */,
				94FE961222C49234009B3CF4 /* GroupMemberViewController.swift in Sources */,
				945625B422C9E0A300CB5CAF /* Transaction+CoreDataClass.swift in Sources */,
				94FE962622C635C3009B3CF4 /* SelectedMemberDetailViewController.swift in Sources */,
				945625B722C9E0A300CB5CAF /* Member+CoreDataProperties.swift in Sources */,
				94FE952C22C1016A009B3CF4 /* AppDelegate.swift in Sources */,
				94FE962022C4E139009B3CF4 /* AllExceptMemberViewController.swift in Sources */,
				94FE961022C3C3E2009B3CF4 /* AddNewMemberViewController.swift in Sources */,
				94FE962822C646EB009B3CF4 /* MemberTransactionDetailInGroupViewController.swift in Sources */,
				945625C022CA0FDF00CB5CAF /* TransactionCell.swift in Sources */,
				945625B222C9E0A300CB5CAF /* Group+CoreDataClass.swift in Sources */,
				94FE956D22C11AA8009B3CF4 /* MyEnums.swift in Sources */,
				945625B522C9E0A300CB5CAF /* Transaction+CoreDataProperties.swift in Sources */,
				94FE960E22C2580D009B3CF4 /* AddNewTransationViewController.swift in Sources */,
				94FE962A22C65099009B3CF4 /* NewTransactionInViewController.swift in Sources */,
				94FE960822C23BFA009B3CF4 /* AddNewGroupViewController.swift in Sources */,
			);
			runOnlyForDeploymentPostprocessing = 0;
		};
		94FE953B22C10172009B3CF4 /* Sources */ = {
			isa = PBXSourcesBuildPhase;
			buildActionMask = 2147483647;
			files = (
				94FE954422C10172009B3CF4 /* MoneyTrackerTests.swift in Sources */,
			);
			runOnlyForDeploymentPostprocessing = 0;
		};
		94FE954622C10172009B3CF4 /* Sources */ = {
			isa = PBXSourcesBuildPhase;
			buildActionMask = 2147483647;
			files = (
				94FE954F22C10172009B3CF4 /* MoneyTrackerUITests.swift in Sources */,
			);
			runOnlyForDeploymentPostprocessing = 0;
		};
/* End PBXSourcesBuildPhase section */

/* Begin PBXTargetDependency section */
		94FE954122C10172009B3CF4 /* PBXTargetDependency */ = {
			isa = PBXTargetDependency;
			target = 94FE952722C1016A009B3CF4 /* MoneyTracker */;
			targetProxy = 94FE954022C10172009B3CF4 /* PBXContainerItemProxy */;
		};
		94FE954C22C10172009B3CF4 /* PBXTargetDependency */ = {
			isa = PBXTargetDependency;
			target = 94FE952722C1016A009B3CF4 /* MoneyTracker */;
			targetProxy = 94FE954B22C10172009B3CF4 /* PBXContainerItemProxy */;
		};
/* End PBXTargetDependency section */

/* Begin PBXVariantGroup section */
		94FE952F22C1016A009B3CF4 /* Main.storyboard */ = {
			isa = PBXVariantGroup;
			children = (
				94FE953022C1016A009B3CF4 /* Base */,
			);
			name = Main.storyboard;
			sourceTree = "<group>";
		};
		94FE953722C10172009B3CF4 /* LaunchScreen.storyboard */ = {
			isa = PBXVariantGroup;
			children = (
				94FE953822C10172009B3CF4 /* Base */,
			);
			name = LaunchScreen.storyboard;
			sourceTree = "<group>";
		};
/* End PBXVariantGroup section */

/* Begin XCBuildConfiguration section */
		94FE955122C10172009B3CF4 /* Debug */ = {
			isa = XCBuildConfiguration;
			buildSettings = {
				ALWAYS_SEARCH_USER_PATHS = NO;
				CLANG_ANALYZER_NONNULL = YES;
				CLANG_ANALYZER_NUMBER_OBJECT_CONVERSION = YES_AGGRESSIVE;
				CLANG_CXX_LANGUAGE_STANDARD = "gnu++14";
				CLANG_CXX_LIBRARY = "libc++";
				CLANG_ENABLE_MODULES = YES;
				CLANG_ENABLE_OBJC_ARC = YES;
				CLANG_ENABLE_OBJC_WEAK = YES;
				CLANG_WARN_BLOCK_CAPTURE_AUTORELEASING = YES;
				CLANG_WARN_BOOL_CONVERSION = YES;
				CLANG_WARN_COMMA = YES;
				CLANG_WARN_CONSTANT_CONVERSION = YES;
				CLANG_WARN_DEPRECATED_OBJC_IMPLEMENTATIONS = YES;
				CLANG_WARN_DIRECT_OBJC_ISA_USAGE = YES_ERROR;
				CLANG_WARN_DOCUMENTATION_COMMENTS = YES;
				CLANG_WARN_EMPTY_BODY = YES;
				CLANG_WARN_ENUM_CONVERSION = YES;
				CLANG_WARN_INFINITE_RECURSION = YES;
				CLANG_WARN_INT_CONVERSION = YES;
				CLANG_WARN_NON_LITERAL_NULL_CONVERSION = YES;
				CLANG_WARN_OBJC_IMPLICIT_RETAIN_SELF = YES;
				CLANG_WARN_OBJC_LITERAL_CONVERSION = YES;
				CLANG_WARN_OBJC_ROOT_CLASS = YES_ERROR;
				CLANG_WARN_RANGE_LOOP_ANALYSIS = YES;
				CLANG_WARN_STRICT_PROTOTYPES = YES;
				CLANG_WARN_SUSPICIOUS_MOVE = YES;
				CLANG_WARN_UNGUARDED_AVAILABILITY = YES_AGGRESSIVE;
				CLANG_WARN_UNREACHABLE_CODE = YES;
				CLANG_WARN__DUPLICATE_METHOD_MATCH = YES;
				CODE_SIGN_IDENTITY = "iPhone Developer";
				COPY_PHASE_STRIP = NO;
				DEBUG_INFORMATION_FORMAT = dwarf;
				ENABLE_STRICT_OBJC_MSGSEND = YES;
				ENABLE_TESTABILITY = YES;
				GCC_C_LANGUAGE_STANDARD = gnu11;
				GCC_DYNAMIC_NO_PIC = NO;
				GCC_NO_COMMON_BLOCKS = YES;
				GCC_OPTIMIZATION_LEVEL = 0;
				GCC_PREPROCESSOR_DEFINITIONS = (
					"DEBUG=1",
					"$(inherited)",
				);
				GCC_WARN_64_TO_32_BIT_CONVERSION = YES;
				GCC_WARN_ABOUT_RETURN_TYPE = YES_ERROR;
				GCC_WARN_UNDECLARED_SELECTOR = YES;
				GCC_WARN_UNINITIALIZED_AUTOS = YES_AGGRESSIVE;
				GCC_WARN_UNUSED_FUNCTION = YES;
				GCC_WARN_UNUSED_VARIABLE = YES;
				IPHONEOS_DEPLOYMENT_TARGET = 12.2;
				MTL_ENABLE_DEBUG_INFO = INCLUDE_SOURCE;
				MTL_FAST_MATH = YES;
				ONLY_ACTIVE_ARCH = YES;
				SDKROOT = iphoneos;
				SWIFT_ACTIVE_COMPILATION_CONDITIONS = DEBUG;
				SWIFT_OPTIMIZATION_LEVEL = "-Onone";
			};
			name = Debug;
		};
		94FE955222C10172009B3CF4 /* Release */ = {
			isa = XCBuildConfiguration;
			buildSettings = {
				ALWAYS_SEARCH_USER_PATHS = NO;
				CLANG_ANALYZER_NONNULL = YES;
				CLANG_ANALYZER_NUMBER_OBJECT_CONVERSION = YES_AGGRESSIVE;
				CLANG_CXX_LANGUAGE_STANDARD = "gnu++14";
				CLANG_CXX_LIBRARY = "libc++";
				CLANG_ENABLE_MODULES = YES;
				CLANG_ENABLE_OBJC_ARC = YES;
				CLANG_ENABLE_OBJC_WEAK = YES;
				CLANG_WARN_BLOCK_CAPTURE_AUTORELEASING = YES;
				CLANG_WARN_BOOL_CONVERSION = YES;
				CLANG_WARN_COMMA = YES;
				CLANG_WARN_CONSTANT_CONVERSION = YES;
				CLANG_WARN_DEPRECATED_OBJC_IMPLEMENTATIONS = YES;
				CLANG_WARN_DIRECT_OBJC_ISA_USAGE = YES_ERROR;
				CLANG_WARN_DOCUMENTATION_COMMENTS = YES;
				CLANG_WARN_EMPTY_BODY = YES;
				CLANG_WARN_ENUM_CONVERSION = YES;
				CLANG_WARN_INFINITE_RECURSION = YES;
				CLANG_WARN_INT_CONVERSION = YES;
				CLANG_WARN_NON_LITERAL_NULL_CONVERSION = YES;
				CLANG_WARN_OBJC_IMPLICIT_RETAIN_SELF = YES;
				CLANG_WARN_OBJC_LITERAL_CONVERSION = YES;
				CLANG_WARN_OBJC_ROOT_CLASS = YES_ERROR;
				CLANG_WARN_RANGE_LOOP_ANALYSIS = YES;
				CLANG_WARN_STRICT_PROTOTYPES = YES;
				CLANG_WARN_SUSPICIOUS_MOVE = YES;
				CLANG_WARN_UNGUARDED_AVAILABILITY = YES_AGGRESSIVE;
				CLANG_WARN_UNREACHABLE_CODE = YES;
				CLANG_WARN__DUPLICATE_METHOD_MATCH = YES;
				CODE_SIGN_IDENTITY = "iPhone Developer";
				COPY_PHASE_STRIP = NO;
				DEBUG_INFORMATION_FORMAT = "dwarf-with-dsym";
				ENABLE_NS_ASSERTIONS = NO;
				ENABLE_STRICT_OBJC_MSGSEND = YES;
				GCC_C_LANGUAGE_STANDARD = gnu11;
				GCC_NO_COMMON_BLOCKS = YES;
				GCC_WARN_64_TO_32_BIT_CONVERSION = YES;
				GCC_WARN_ABOUT_RETURN_TYPE = YES_ERROR;
				GCC_WARN_UNDECLARED_SELECTOR = YES;
				GCC_WARN_UNINITIALIZED_AUTOS = YES_AGGRESSIVE;
				GCC_WARN_UNUSED_FUNCTION = YES;
				GCC_WARN_UNUSED_VARIABLE = YES;
				IPHONEOS_DEPLOYMENT_TARGET = 12.2;
				MTL_ENABLE_DEBUG_INFO = NO;
				MTL_FAST_MATH = YES;
				SDKROOT = iphoneos;
				SWIFT_COMPILATION_MODE = wholemodule;
				SWIFT_OPTIMIZATION_LEVEL = "-O";
				VALIDATE_PRODUCT = YES;
			};
			name = Release;
		};
		94FE955422C10172009B3CF4 /* Debug */ = {
			isa = XCBuildConfiguration;
			buildSettings = {
				ASSETCATALOG_COMPILER_APPICON_NAME = AppIcon;
				CODE_SIGN_STYLE = Automatic;
				DEVELOPMENT_TEAM = 34928A9DUL;
				INFOPLIST_FILE = MoneyTracker/Info.plist;
				LD_RUNPATH_SEARCH_PATHS = (
					"$(inherited)",
					"@executable_path/Frameworks",
				);
				PRODUCT_BUNDLE_IDENTIFIER = simpleApp.MoneyTracker;
				PRODUCT_NAME = "$(TARGET_NAME)";
				SWIFT_VERSION = 5.0;
				TARGETED_DEVICE_FAMILY = "1,2";
			};
			name = Debug;
		};
		94FE955522C10172009B3CF4 /* Release */ = {
			isa = XCBuildConfiguration;
			buildSettings = {
				ASSETCATALOG_COMPILER_APPICON_NAME = AppIcon;
				CODE_SIGN_STYLE = Automatic;
				DEVELOPMENT_TEAM = 34928A9DUL;
				INFOPLIST_FILE = MoneyTracker/Info.plist;
				LD_RUNPATH_SEARCH_PATHS = (
					"$(inherited)",
					"@executable_path/Frameworks",
				);
				PRODUCT_BUNDLE_IDENTIFIER = simpleApp.MoneyTracker;
				PRODUCT_NAME = "$(TARGET_NAME)";
				SWIFT_VERSION = 5.0;
				TARGETED_DEVICE_FAMILY = "1,2";
			};
			name = Release;
		};
		94FE955722C10172009B3CF4 /* Debug */ = {
			isa = XCBuildConfiguration;
			buildSettings = {
				ALWAYS_EMBED_SWIFT_STANDARD_LIBRARIES = YES;
				BUNDLE_LOADER = "$(TEST_HOST)";
				CODE_SIGN_STYLE = Automatic;
				DEVELOPMENT_TEAM = 34928A9DUL;
				INFOPLIST_FILE = MoneyTrackerTests/Info.plist;
				LD_RUNPATH_SEARCH_PATHS = (
					"$(inherited)",
					"@executable_path/Frameworks",
					"@loader_path/Frameworks",
				);
				PRODUCT_BUNDLE_IDENTIFIER = simpleApp.MoneyTrackerTests;
				PRODUCT_NAME = "$(TARGET_NAME)";
				SWIFT_VERSION = 5.0;
				TARGETED_DEVICE_FAMILY = "1,2";
				TEST_HOST = "$(BUILT_PRODUCTS_DIR)/MoneyTracker.app/MoneyTracker";
			};
			name = Debug;
		};
		94FE955822C10172009B3CF4 /* Release */ = {
			isa = XCBuildConfiguration;
			buildSettings = {
				ALWAYS_EMBED_SWIFT_STANDARD_LIBRARIES = YES;
				BUNDLE_LOADER = "$(TEST_HOST)";
				CODE_SIGN_STYLE = Automatic;
				DEVELOPMENT_TEAM = 34928A9DUL;
				INFOPLIST_FILE = MoneyTrackerTests/Info.plist;
				LD_RUNPATH_SEARCH_PATHS = (
					"$(inherited)",
					"@executable_path/Frameworks",
					"@loader_path/Frameworks",
				);
				PRODUCT_BUNDLE_IDENTIFIER = simpleApp.MoneyTrackerTests;
				PRODUCT_NAME = "$(TARGET_NAME)";
				SWIFT_VERSION = 5.0;
				TARGETED_DEVICE_FAMILY = "1,2";
				TEST_HOST = "$(BUILT_PRODUCTS_DIR)/MoneyTracker.app/MoneyTracker";
			};
			name = Release;
		};
		94FE955A22C10172009B3CF4 /* Debug */ = {
			isa = XCBuildConfiguration;
			buildSettings = {
				ALWAYS_EMBED_SWIFT_STANDARD_LIBRARIES = YES;
				CODE_SIGN_STYLE = Automatic;
				DEVELOPMENT_TEAM = 34928A9DUL;
				INFOPLIST_FILE = MoneyTrackerUITests/Info.plist;
				LD_RUNPATH_SEARCH_PATHS = (
					"$(inherited)",
					"@executable_path/Frameworks",
					"@loader_path/Frameworks",
				);
				PRODUCT_BUNDLE_IDENTIFIER = simpleApp.MoneyTrackerUITests;
				PRODUCT_NAME = "$(TARGET_NAME)";
				SWIFT_VERSION = 5.0;
				TARGETED_DEVICE_FAMILY = "1,2";
				TEST_TARGET_NAME = MoneyTracker;
			};
			name = Debug;
		};
		94FE955B22C10172009B3CF4 /* Release */ = {
			isa = XCBuildConfiguration;
			buildSettings = {
				ALWAYS_EMBED_SWIFT_STANDARD_LIBRARIES = YES;
				CODE_SIGN_STYLE = Automatic;
				DEVELOPMENT_TEAM = 34928A9DUL;
				INFOPLIST_FILE = MoneyTrackerUITests/Info.plist;
				LD_RUNPATH_SEARCH_PATHS = (
					"$(inherited)",
					"@executable_path/Frameworks",
					"@loader_path/Frameworks",
				);
				PRODUCT_BUNDLE_IDENTIFIER = simpleApp.MoneyTrackerUITests;
				PRODUCT_NAME = "$(TARGET_NAME)";
				SWIFT_VERSION = 5.0;
				TARGETED_DEVICE_FAMILY = "1,2";
				TEST_TARGET_NAME = MoneyTracker;
			};
			name = Release;
		};
/* End XCBuildConfiguration section */

/* Begin XCConfigurationList section */
		94FE952322C1016A009B3CF4 /* Build configuration list for PBXProject "MoneyTracker" */ = {
			isa = XCConfigurationList;
			buildConfigurations = (
				94FE955122C10172009B3CF4 /* Debug */,
				94FE955222C10172009B3CF4 /* Release */,
			);
			defaultConfigurationIsVisible = 0;
			defaultConfigurationName = Release;
		};
		94FE955322C10172009B3CF4 /* Build configuration list for PBXNativeTarget "MoneyTracker" */ = {
			isa = XCConfigurationList;
			buildConfigurations = (
				94FE955422C10172009B3CF4 /* Debug */,
				94FE955522C10172009B3CF4 /* Release */,
			);
			defaultConfigurationIsVisible = 0;
			defaultConfigurationName = Release;
		};
		94FE955622C10172009B3CF4 /* Build configuration list for PBXNativeTarget "MoneyTrackerTests" */ = {
			isa = XCConfigurationList;
			buildConfigurations = (
				94FE955722C10172009B3CF4 /* Debug */,
				94FE955822C10172009B3CF4 /* Release */,
			);
			defaultConfigurationIsVisible = 0;
			defaultConfigurationName = Release;
		};
		94FE955922C10172009B3CF4 /* Build configuration list for PBXNativeTarget "MoneyTrackerUITests" */ = {
			isa = XCConfigurationList;
			buildConfigurations = (
				94FE955A22C10172009B3CF4 /* Debug */,
				94FE955B22C10172009B3CF4 /* Release */,
			);
			defaultConfigurationIsVisible = 0;
			defaultConfigurationName = Release;
		};
/* End XCConfigurationList section */

/* Begin XCVersionGroup section */
		94FE953222C1016A009B3CF4 /* MoneyTracker.xcdatamodeld */ = {
			isa = XCVersionGroup;
			children = (
				94FE953322C1016A009B3CF4 /* MoneyTracker.xcdatamodel */,
			);
			currentVersion = 94FE953322C1016A009B3CF4 /* MoneyTracker.xcdatamodel */;
			path = MoneyTracker.xcdatamodeld;
			sourceTree = "<group>";
			versionGroupType = wrapper.xcdatamodel;
		};
/* End XCVersionGroup section */
	};
	rootObject = 94FE952022C1016A009B3CF4 /* Project object */;
}
